
Microsoft Visual Studio Solution File, Format Version 12.00
# Visual Studio Version 17
VisualStudioVersion = 17.9.34723.18
MinimumVisualStudioVersion = 10.0.40219.1
Project("{9A19103F-16F7-4668-BE54-9A1E7A4F7556}") = "PlanPlate", "PlanPlate\PlanPlate.csproj", "{91DC107F-9458-463F-B530-57A4B1F33F8F}"
EndProject
Global
	GlobalSection(SolutionConfigurationPlatforms) = preSolution
		Debug|Any CPU = Debug|Any CPU
		Debug|x64 = Debug|x64
		Release|Any CPU = Release|Any CPU
		Release|x64 = Release|x64
	EndGlobalSection
	GlobalSection(ProjectConfigurationPlatforms) = postSolution
		{91DC107F-9458-463F-B530-57A4B1F33F8F}.Debug|Any CPU.ActiveCfg = Debug|Any CPU
		{91DC107F-9458-463F-B530-57A4B1F33F8F}.Debug|Any CPU.Build.0 = Debug|Any CPU
		{91DC107F-9458-463F-B530-57A4B1F33F8F}.Debug|Any CPU.Deploy.0 = Debug|Any CPU
		{91DC107F-9458-463F-B530-57A4B1F33F8F}.Debug|x64.ActiveCfg = Debug|x64
		{91DC107F-9458-463F-B530-57A4B1F33F8F}.Debug|x64.Build.0 = Debug|x64
		{91DC107F-9458-463F-B530-57A4B1F33F8F}.Debug|x64.Deploy.0 = Debug|x64
		{91DC107F-9458-463F-B530-57A4B1F33F8F}.Release|Any CPU.ActiveCfg = Release|Any CPU
		{91DC107F-9458-463F-B530-57A4B1F33F8F}.Release|Any CPU.Build.0 = Release|Any CPU
		{91DC107F-9458-463F-B530-57A4B1F33F8F}.Release|Any CPU.Deploy.0 = Release|Any CPU
		{91DC107F-9458-463F-B530-57A4B1F33F8F}.Release|x64.ActiveCfg = Release|x64
		{91DC107F-9458-463F-B530-57A4B1F33F8F}.Release|x64.Build.0 = Release|x64
		{91DC107F-9458-463F-B530-57A4B1F33F8F}.Release|x64.Deploy.0 = Release|x64
	EndGlobalSection
	GlobalSection(SolutionProperties) = preSolution
		HideSolutionNode = FALSE
	EndGlobalSection
	GlobalSection(ExtensibilityGlobals) = postSolution
		SolutionGuid = {46D1F15F-E945-4731-9388-47B7D26EC504}
	EndGlobalSection
EndGlobal
